
Microsoft Visual Studio Solution File, Format Version 12.00
# Visual Studio 2015
Project("{FAE04EC0-301F-11D3-BF4B-00C04F79EFBC}") = "BHop.Plugins", "BHop.Plugins.csproj", "{5C38C382-3243-EBF8-0AD6-5807323B8020}"
EndProject
Project("{FAE04EC0-301F-11D3-BF4B-00C04F79EFBC}") = "BHop", "BHop.csproj", "{B2AF156A-DC6D-61E2-5321-EAE5FFFCE9B3}"
EndProject
Project("{FAE04EC0-301F-11D3-BF4B-00C04F79EFBC}") = "BHop.Editor.Plugins", "BHop.Editor.Plugins.csproj", "{E5DC252E-0964-F421-DB22-0280BE821C5E}"
EndProject
Project("{FAE04EC0-301F-11D3-BF4B-00C04F79EFBC}") = "BHop.Editor", "BHop.Editor.csproj", "{D99301B3-2DDD-436F-171F-9A9D43A050EC}"
EndProject
Global
	GlobalSection(SolutionConfigurationPlatforms) = preSolution
		Debug|Any CPU = Debug|Any CPU
		Release|Any CPU = Release|Any CPU
	EndGlobalSection
	GlobalSection(ProjectConfigurationPlatforms) = postSolution
		{5C38C382-3243-EBF8-0AD6-5807323B8020}.Debug|Any CPU.ActiveCfg = Debug|Any CPU
		{5C38C382-3243-EBF8-0AD6-5807323B8020}.Debug|Any CPU.Build.0 = Debug|Any CPU
		{5C38C382-3243-EBF8-0AD6-5807323B8020}.Release|Any CPU.ActiveCfg = Release|Any CPU
		{5C38C382-3243-EBF8-0AD6-5807323B8020}.Release|Any CPU.Build.0 = Release|Any CPU
		{B2AF156A-DC6D-61E2-5321-EAE5FFFCE9B3}.Debug|Any CPU.ActiveCfg = Debug|Any CPU
		{B2AF156A-DC6D-61E2-5321-EAE5FFFCE9B3}.Debug|Any CPU.Build.0 = Debug|Any CPU
		{B2AF156A-DC6D-61E2-5321-EAE5FFFCE9B3}.Release|Any CPU.ActiveCfg = Release|Any CPU
		{B2AF156A-DC6D-61E2-5321-EAE5FFFCE9B3}.Release|Any CPU.Build.0 = Release|Any CPU
		{E5DC252E-0964-F421-DB22-0280BE821C5E}.Debug|Any CPU.ActiveCfg = Debug|Any CPU
		{E5DC252E-0964-F421-DB22-0280BE821C5E}.Debug|Any CPU.Build.0 = Debug|Any CPU
		{E5DC252E-0964-F421-DB22-0280BE821C5E}.Release|Any CPU.ActiveCfg = Release|Any CPU
		{E5DC252E-0964-F421-DB22-0280BE821C5E}.Release|Any CPU.Build.0 = Release|Any CPU
		{D99301B3-2DDD-436F-171F-9A9D43A050EC}.Debug|Any CPU.ActiveCfg = Debug|Any CPU
		{D99301B3-2DDD-436F-171F-9A9D43A050EC}.Debug|Any CPU.Build.0 = Debug|Any CPU
		{D99301B3-2DDD-436F-171F-9A9D43A050EC}.Release|Any CPU.ActiveCfg = Release|Any CPU
		{D99301B3-2DDD-436F-171F-9A9D43A050EC}.Release|Any CPU.Build.0 = Release|Any CPU
	EndGlobalSection
	GlobalSection(SolutionProperties) = preSolution
		HideSolutionNode = FALSE
	EndGlobalSection
EndGlobal
